// !$*UTF8*$!
{
	archiveVersion = 1;
	classes = {
	};
	objectVersion = 77;
	objects = {

/* Begin PBXBuildFile section */
		52501DFF2EA7E5ED0054DB54 /* PlayerScreenView.swift in Sources */ = {isa = PBXBuildFile; fileRef = 52501DFE2EA7E5ED0054DB54 /* PlayerScreenView.swift */; };
		52501E012EA7EB450054DB54 /* NavigationBarView.swift in Sources */ = {isa = PBXBuildFile; fileRef = 52501E002EA7EB450054DB54 /* NavigationBarView.swift */; };
		52501E082EA906BA0054DB54 /* ProgressBarView.swift in Sources */ = {isa = PBXBuildFile; fileRef = 52501E072EA906BA0054DB54 /* ProgressBarView.swift */; };
		52501E0A2EA90CB10054DB54 /* AudioDescriptionView.swift in Sources */ = {isa = PBXBuildFile; fileRef = 52501E092EA90CB10054DB54 /* AudioDescriptionView.swift */; };
		52501E0D2EAA9F3F0054DB54 /* ColorExtension.swift in Sources */ = {isa = PBXBuildFile; fileRef = 52501E0C2EAA9F350054DB54 /* ColorExtension.swift */; };
		52501E0F2EAAA1BA0054DB54 /* ImageExtension.swift in Sources */ = {isa = PBXBuildFile; fileRef = 52501E0E2EAAA1B20054DB54 /* ImageExtension.swift */; };
		52501E112EAAA3830054DB54 /* TextManager.swift in Sources */ = {isa = PBXBuildFile; fileRef = 52501E102EAAA3800054DB54 /* TextManager.swift */; };
		52501E132EAAA4B90054DB54 /* FontExtension.swift in Sources */ = {isa = PBXBuildFile; fileRef = 52501E122EAAA4AE0054DB54 /* FontExtension.swift */; };
		52501E162EB24AC40054DB54 /* RecorderView.swift in Sources */ = {isa = PBXBuildFile; fileRef = 52501E152EB24AC40054DB54 /* RecorderView.swift */; };
		52501E1A2EB783090054DB54 /* RecorderStartView.swift in Sources */ = {isa = PBXBuildFile; fileRef = 52501E192EB783090054DB54 /* RecorderStartView.swift */; };
		52501E1C2EB783980054DB54 /* RecorderStopView.swift in Sources */ = {isa = PBXBuildFile; fileRef = 52501E1B2EB783980054DB54 /* RecorderStopView.swift */; };
		52501E1E2EB7876B0054DB54 /* SaveSheetView.swift in Sources */ = {isa = PBXBuildFile; fileRef = 52501E1D2EB7876A0054DB54 /* SaveSheetView.swift */; };
		52501E2D2EC606CA0054DB54 /* PlayerViewModel.swift in Sources */ = {isa = PBXBuildFile; fileRef = 52501E2C2EC606CA0054DB54 /* PlayerViewModel.swift */; };
		6300694A2ECA2E19003FC115 /* PersistenceModel.xcdatamodeld in Sources */ = {isa = PBXBuildFile; fileRef = 630069482ECA2E19003FC115 /* PersistenceModel.xcdatamodeld */; };
		6300694C2ECA2FE9003FC115 /* NoteEntityService.swift in Sources */ = {isa = PBXBuildFile; fileRef = 6300694B2ECA2FE1003FC115 /* NoteEntityService.swift */; };
		6300694E2ECA3168003FC115 /* CoreDataService.swift in Sources */ = {isa = PBXBuildFile; fileRef = 6300694D2ECA3160003FC115 /* CoreDataService.swift */; };
		630069532ECA393E003FC115 /* EntityModel.swift in Sources */ = {isa = PBXBuildFile; fileRef = 630069522ECA393B003FC115 /* EntityModel.swift */; };
		63009A722EBF9DBD00FD5220 /* SplashScreenView.swift in Sources */ = {isa = PBXBuildFile; fileRef = 63009A712EBF9DB500FD5220 /* SplashScreenView.swift */; };
		63009A762EBFA41C00FD5220 /* OnboardingScreenModel.swift in Sources */ = {isa = PBXBuildFile; fileRef = 63009A752EBFA41700FD5220 /* OnboardingScreenModel.swift */; };
		63009A7A2EBFA6DB00FD5220 /* SwiftUIPager in Frameworks */ = {isa = PBXBuildFile; productRef = 63009A792EBFA6DB00FD5220 /* SwiftUIPager */; };
		63009A7C2EBFA6EE00FD5220 /* OnboardingScreenView.swift in Sources */ = {isa = PBXBuildFile; fileRef = 63009A7B2EBFA6E900FD5220 /* OnboardingScreenView.swift */; };
		63009A7F2EBFA74B00FD5220 /* OnboardingViewModel.swift in Sources */ = {isa = PBXBuildFile; fileRef = 63009A7E2EBFA74800FD5220 /* OnboardingViewModel.swift */; };
		63009A852EBFEDA100FD5220 /* OnboardingActionButtonsView.swift in Sources */ = {isa = PBXBuildFile; fileRef = 63009A842EBFEDA100FD5220 /* OnboardingActionButtonsView.swift */; };
		63009A872EBFF02600FD5220 /* OnboardingSkipButton.swift in Sources */ = {isa = PBXBuildFile; fileRef = 63009A862EBFF02600FD5220 /* OnboardingSkipButton.swift */; };
		6300DD592EC3E5F600AF7DAC /* LocationService.swift in Sources */ = {isa = PBXBuildFile; fileRef = 6300DD582EC3E5F600AF7DAC /* LocationService.swift */; };
		632DFAC72ED777A8003D528B /* TokenService.swift in Sources */ = {isa = PBXBuildFile; fileRef = 632DFAC62ED777A8003D528B /* TokenService.swift */; };
		632DFAC92ED7786C003D528B /* AuthAppService.swift in Sources */ = {isa = PBXBuildFile; fileRef = 632DFAC82ED7786C003D528B /* AuthAppService.swift */; };
		636072572E96D26E00E5DCC9 /* Assets.xcassets in Resources */ = {isa = PBXBuildFile; fileRef = 636072532E96D26E00E5DCC9 /* Assets.xcassets */; };
		636072592E96D26E00E5DCC9 /* SmartRecorderApp.swift in Sources */ = {isa = PBXBuildFile; fileRef = 636072552E96D26E00E5DCC9 /* SmartRecorderApp.swift */; };
		636754ED2EC27E71004702F4 /* AudiosArray.swift in Sources */ = {isa = PBXBuildFile; fileRef = 636754E02EC27E71004702F4 /* AudiosArray.swift */; };
		636754EE2EC27E71004702F4 /* NoteModel.swift in Sources */ = {isa = PBXBuildFile; fileRef = 636754E22EC27E71004702F4 /* NoteModel.swift */; };
		636754EF2EC27E71004702F4 /* NotesListView.swift in Sources */ = {isa = PBXBuildFile; fileRef = 636754E42EC27E71004702F4 /* NotesListView.swift */; };
		636754F02EC27E71004702F4 /* NoteCardView.swift in Sources */ = {isa = PBXBuildFile; fileRef = 636754E52EC27E71004702F4 /* NoteCardView.swift */; };
		636754F12EC27E71004702F4 /* ChipsView.swift in Sources */ = {isa = PBXBuildFile; fileRef = 636754E62EC27E71004702F4 /* ChipsView.swift */; };
		636754F22EC27E71004702F4 /* PickerView.swift in Sources */ = {isa = PBXBuildFile; fileRef = 636754E72EC27E71004702F4 /* PickerView.swift */; };
		636754F32EC27E71004702F4 /* SingleAudioDescriptionView.swift in Sources */ = {isa = PBXBuildFile; fileRef = 636754E82EC27E71004702F4 /* SingleAudioDescriptionView.swift */; };
		636754F42EC27E71004702F4 /* NotesViewModel.swift in Sources */ = {isa = PBXBuildFile; fileRef = 636754EA2EC27E71004702F4 /* NotesViewModel.swift */; };
		636754F82EC2823F004702F4 /* NotesTabDestinationFactory.swift in Sources */ = {isa = PBXBuildFile; fileRef = 636754F72EC2822B004702F4 /* NotesTabDestinationFactory.swift */; };
		636754FA2EC283AA004702F4 /* DestinationFactory.swift in Sources */ = {isa = PBXBuildFile; fileRef = 636754F92EC283A5004702F4 /* DestinationFactory.swift */; };
		636754FC2EC28821004702F4 /* RecorderTabDestinationFactory.swift in Sources */ = {isa = PBXBuildFile; fileRef = 636754FB2EC28817004702F4 /* RecorderTabDestinationFactory.swift */; };
		636754FE2EC2882D004702F4 /* ProfileTabDestinationFactory.swift in Sources */ = {isa = PBXBuildFile; fileRef = 636754FD2EC28825004702F4 /* ProfileTabDestinationFactory.swift */; };
		637575022EDFA17A007B4FA2 /* AuthorizationResponseModel.swift in Sources */ = {isa = PBXBuildFile; fileRef = 637575012EDFA174007B4FA2 /* AuthorizationResponseModel.swift */; };
		6393F4882EDF9A4D0035561D /* AuthorizationService.swift in Sources */ = {isa = PBXBuildFile; fileRef = 6393F4872EDF9A4D0035561D /* AuthorizationService.swift */; };
		639E98F02EC66E140026D76B /* DateService.swift in Sources */ = {isa = PBXBuildFile; fileRef = 639E98EF2EC66E140026D76B /* DateService.swift */; };
		639E98F42EC682AF0026D76B /* AudioRecorderService.swift in Sources */ = {isa = PBXBuildFile; fileRef = 639E98F32EC682AF0026D76B /* AudioRecorderService.swift */; };
		63D656992EC63CC200B7EF10 /* NoteFolderModel.swift in Sources */ = {isa = PBXBuildFile; fileRef = 63D656982EC63CBE00B7EF10 /* NoteFolderModel.swift */; };
		63D656A22EC64E4500B7EF10 /* RecorderViewModel.swift in Sources */ = {isa = PBXBuildFile; fileRef = 63D656A12EC64E4200B7EF10 /* RecorderViewModel.swift */; };
		63D656A42EC6531F00B7EF10 /* RecorderDetailsView.swift in Sources */ = {isa = PBXBuildFile; fileRef = 63D656A32EC6531F00B7EF10 /* RecorderDetailsView.swift */; };
		63FD4DCD2EC0BEFC00104B95 /* AppRouter.swift in Sources */ = {isa = PBXBuildFile; fileRef = 63FD4DCC2EC0BEF900104B95 /* AppRouter.swift */; };
		63FD4DCF2EC0BF7D00104B95 /* TabItems.swift in Sources */ = {isa = PBXBuildFile; fileRef = 63FD4DCE2EC0BF7C00104B95 /* TabItems.swift */; };
		63FD4DD82EC0BFC700104B95 /* ProfileView.swift in Sources */ = {isa = PBXBuildFile; fileRef = 63FD4DD72EC0BFC700104B95 /* ProfileView.swift */; };
		63FD4DDA2EC0C34000104B95 /* RootView.swift in Sources */ = {isa = PBXBuildFile; fileRef = 63FD4DD92EC0C33E00104B95 /* RootView.swift */; };
		63FD4DDC2EC0C3ED00104B95 /* ContentView.swift in Sources */ = {isa = PBXBuildFile; fileRef = 63FD4DDB2EC0C3EA00104B95 /* ContentView.swift */; };
		63FD4DE02EC0D43B00104B95 /* AppIconComposer.icon in Resources */ = {isa = PBXBuildFile; fileRef = 63FD4DDF2EC0D43B00104B95 /* AppIconComposer.icon */; };
		63FDC3142ED9C89000D0AAB8 /* AuthorizationPayloadModel.swift in Sources */ = {isa = PBXBuildFile; fileRef = 63FDC3132ED9C88B00D0AAB8 /* AuthorizationPayloadModel.swift */; };
		63FDC3162ED9CB1100D0AAB8 /* UserEntityService.swift in Sources */ = {isa = PBXBuildFile; fileRef = 63FDC3152ED9CB1100D0AAB8 /* UserEntityService.swift */; };
/* End PBXBuildFile section */

/* Begin PBXFileReference section */
		52501DFE2EA7E5ED0054DB54 /* PlayerScreenView.swift */ = {isa = PBXFileReference; lastKnownFileType = sourcecode.swift; path = PlayerScreenView.swift; sourceTree = "<group>"; };
		52501E002EA7EB450054DB54 /* NavigationBarView.swift */ = {isa = PBXFileReference; lastKnownFileType = sourcecode.swift; path = NavigationBarView.swift; sourceTree = "<group>"; };
		52501E072EA906BA0054DB54 /* ProgressBarView.swift */ = {isa = PBXFileReference; lastKnownFileType = sourcecode.swift; path = ProgressBarView.swift; sourceTree = "<group>"; };
		52501E092EA90CB10054DB54 /* AudioDescriptionView.swift */ = {isa = PBXFileReference; lastKnownFileType = sourcecode.swift; path = AudioDescriptionView.swift; sourceTree = "<group>"; };
		52501E0C2EAA9F350054DB54 /* ColorExtension.swift */ = {isa = PBXFileReference; lastKnownFileType = sourcecode.swift; path = ColorExtension.swift; sourceTree = "<group>"; };
		52501E0E2EAAA1B20054DB54 /* ImageExtension.swift */ = {isa = PBXFileReference; lastKnownFileType = sourcecode.swift; path = ImageExtension.swift; sourceTree = "<group>"; };
		52501E102EAAA3800054DB54 /* TextManager.swift */ = {isa = PBXFileReference; lastKnownFileType = sourcecode.swift; path = TextManager.swift; sourceTree = "<group>"; };
		52501E122EAAA4AE0054DB54 /* FontExtension.swift */ = {isa = PBXFileReference; lastKnownFileType = sourcecode.swift; path = FontExtension.swift; sourceTree = "<group>"; };
		52501E152EB24AC40054DB54 /* RecorderView.swift */ = {isa = PBXFileReference; lastKnownFileType = sourcecode.swift; path = RecorderView.swift; sourceTree = "<group>"; };
		52501E192EB783090054DB54 /* RecorderStartView.swift */ = {isa = PBXFileReference; lastKnownFileType = sourcecode.swift; path = RecorderStartView.swift; sourceTree = "<group>"; };
		52501E1B2EB783980054DB54 /* RecorderStopView.swift */ = {isa = PBXFileReference; lastKnownFileType = sourcecode.swift; path = RecorderStopView.swift; sourceTree = "<group>"; };
		52501E1D2EB7876A0054DB54 /* SaveSheetView.swift */ = {isa = PBXFileReference; lastKnownFileType = sourcecode.swift; path = SaveSheetView.swift; sourceTree = "<group>"; };
		52501E2C2EC606CA0054DB54 /* PlayerViewModel.swift */ = {isa = PBXFileReference; lastKnownFileType = sourcecode.swift; path = PlayerViewModel.swift; sourceTree = "<group>"; };
		630069492ECA2E19003FC115 /* PersistenceModel.xcdatamodel */ = {isa = PBXFileReference; lastKnownFileType = wrapper.xcdatamodel; path = PersistenceModel.xcdatamodel; sourceTree = "<group>"; };
		6300694B2ECA2FE1003FC115 /* NoteEntityService.swift */ = {isa = PBXFileReference; lastKnownFileType = sourcecode.swift; path = NoteEntityService.swift; sourceTree = "<group>"; };
		6300694D2ECA3160003FC115 /* CoreDataService.swift */ = {isa = PBXFileReference; lastKnownFileType = sourcecode.swift; path = CoreDataService.swift; sourceTree = "<group>"; };
		630069522ECA393B003FC115 /* EntityModel.swift */ = {isa = PBXFileReference; lastKnownFileType = sourcecode.swift; path = EntityModel.swift; sourceTree = "<group>"; };
		63009A712EBF9DB500FD5220 /* SplashScreenView.swift */ = {isa = PBXFileReference; lastKnownFileType = sourcecode.swift; path = SplashScreenView.swift; sourceTree = "<group>"; };
		63009A752EBFA41700FD5220 /* OnboardingScreenModel.swift */ = {isa = PBXFileReference; lastKnownFileType = sourcecode.swift; path = OnboardingScreenModel.swift; sourceTree = "<group>"; };
		63009A7B2EBFA6E900FD5220 /* OnboardingScreenView.swift */ = {isa = PBXFileReference; lastKnownFileType = sourcecode.swift; path = OnboardingScreenView.swift; sourceTree = "<group>"; };
		63009A7E2EBFA74800FD5220 /* OnboardingViewModel.swift */ = {isa = PBXFileReference; lastKnownFileType = sourcecode.swift; path = OnboardingViewModel.swift; sourceTree = "<group>"; };
		63009A842EBFEDA100FD5220 /* OnboardingActionButtonsView.swift */ = {isa = PBXFileReference; lastKnownFileType = sourcecode.swift; path = OnboardingActionButtonsView.swift; sourceTree = "<group>"; };
		63009A862EBFF02600FD5220 /* OnboardingSkipButton.swift */ = {isa = PBXFileReference; lastKnownFileType = sourcecode.swift; path = OnboardingSkipButton.swift; sourceTree = "<group>"; };
		6300DD582EC3E5F600AF7DAC /* LocationService.swift */ = {isa = PBXFileReference; lastKnownFileType = sourcecode.swift; path = LocationService.swift; sourceTree = "<group>"; };
		6300DD5A2EC3E69200AF7DAC /* Info.plist */ = {isa = PBXFileReference; lastKnownFileType = text.plist.xml; path = Info.plist; sourceTree = "<group>"; };
		632DFAC62ED777A8003D528B /* TokenService.swift */ = {isa = PBXFileReference; lastKnownFileType = sourcecode.swift; path = TokenService.swift; sourceTree = "<group>"; };
		632DFAC82ED7786C003D528B /* AuthAppService.swift */ = {isa = PBXFileReference; lastKnownFileType = sourcecode.swift; path = AuthAppService.swift; sourceTree = "<group>"; };
		636072452E96CF6D00E5DCC9 /* SmartRecorder.app */ = {isa = PBXFileReference; explicitFileType = wrapper.application; includeInIndex = 0; path = SmartRecorder.app; sourceTree = BUILT_PRODUCTS_DIR; };
		636072532E96D26E00E5DCC9 /* Assets.xcassets */ = {isa = PBXFileReference; lastKnownFileType = folder.assetcatalog; path = Assets.xcassets; sourceTree = "<group>"; };
		636072552E96D26E00E5DCC9 /* SmartRecorderApp.swift */ = {isa = PBXFileReference; lastKnownFileType = sourcecode.swift; path = SmartRecorderApp.swift; sourceTree = "<group>"; };
		636754E02EC27E71004702F4 /* AudiosArray.swift */ = {isa = PBXFileReference; lastKnownFileType = sourcecode.swift; path = AudiosArray.swift; sourceTree = "<group>"; };
		636754E22EC27E71004702F4 /* NoteModel.swift */ = {isa = PBXFileReference; lastKnownFileType = sourcecode.swift; path = NoteModel.swift; sourceTree = "<group>"; };
		636754E42EC27E71004702F4 /* NotesListView.swift */ = {isa = PBXFileReference; lastKnownFileType = sourcecode.swift; path = NotesListView.swift; sourceTree = "<group>"; };
		636754E52EC27E71004702F4 /* NoteCardView.swift */ = {isa = PBXFileReference; lastKnownFileType = sourcecode.swift; path = NoteCardView.swift; sourceTree = "<group>"; };
		636754E62EC27E71004702F4 /* ChipsView.swift */ = {isa = PBXFileReference; lastKnownFileType = sourcecode.swift; path = ChipsView.swift; sourceTree = "<group>"; };
		636754E72EC27E71004702F4 /* PickerView.swift */ = {isa = PBXFileReference; lastKnownFileType = sourcecode.swift; path = PickerView.swift; sourceTree = "<group>"; };
		636754E82EC27E71004702F4 /* SingleAudioDescriptionView.swift */ = {isa = PBXFileReference; lastKnownFileType = sourcecode.swift; path = SingleAudioDescriptionView.swift; sourceTree = "<group>"; };
		636754EA2EC27E71004702F4 /* NotesViewModel.swift */ = {isa = PBXFileReference; lastKnownFileType = sourcecode.swift; path = NotesViewModel.swift; sourceTree = "<group>"; };
		636754F72EC2822B004702F4 /* NotesTabDestinationFactory.swift */ = {isa = PBXFileReference; lastKnownFileType = sourcecode.swift; path = NotesTabDestinationFactory.swift; sourceTree = "<group>"; };
		636754F92EC283A5004702F4 /* DestinationFactory.swift */ = {isa = PBXFileReference; lastKnownFileType = sourcecode.swift; path = DestinationFactory.swift; sourceTree = "<group>"; };
		636754FB2EC28817004702F4 /* RecorderTabDestinationFactory.swift */ = {isa = PBXFileReference; lastKnownFileType = sourcecode.swift; path = RecorderTabDestinationFactory.swift; sourceTree = "<group>"; };
		636754FD2EC28825004702F4 /* ProfileTabDestinationFactory.swift */ = {isa = PBXFileReference; lastKnownFileType = sourcecode.swift; path = ProfileTabDestinationFactory.swift; sourceTree = "<group>"; };
		637575012EDFA174007B4FA2 /* AuthorizationResponseModel.swift */ = {isa = PBXFileReference; lastKnownFileType = sourcecode.swift; path = AuthorizationResponseModel.swift; sourceTree = "<group>"; };
		6393F4872EDF9A4D0035561D /* AuthorizationService.swift */ = {isa = PBXFileReference; lastKnownFileType = sourcecode.swift; path = AuthorizationService.swift; sourceTree = "<group>"; };
		639E98EF2EC66E140026D76B /* DateService.swift */ = {isa = PBXFileReference; lastKnownFileType = sourcecode.swift; path = DateService.swift; sourceTree = "<group>"; };
		639E98F32EC682AF0026D76B /* AudioRecorderService.swift */ = {isa = PBXFileReference; lastKnownFileType = sourcecode.swift; path = AudioRecorderService.swift; sourceTree = "<group>"; };
		63D656982EC63CBE00B7EF10 /* NoteFolderModel.swift */ = {isa = PBXFileReference; lastKnownFileType = sourcecode.swift; path = NoteFolderModel.swift; sourceTree = "<group>"; };
		63D656A12EC64E4200B7EF10 /* RecorderViewModel.swift */ = {isa = PBXFileReference; lastKnownFileType = sourcecode.swift; path = RecorderViewModel.swift; sourceTree = "<group>"; };
		63D656A32EC6531F00B7EF10 /* RecorderDetailsView.swift */ = {isa = PBXFileReference; lastKnownFileType = sourcecode.swift; path = RecorderDetailsView.swift; sourceTree = "<group>"; };
		63FD4DCC2EC0BEF900104B95 /* AppRouter.swift */ = {isa = PBXFileReference; lastKnownFileType = sourcecode.swift; path = AppRouter.swift; sourceTree = "<group>"; };
		63FD4DCE2EC0BF7C00104B95 /* TabItems.swift */ = {isa = PBXFileReference; lastKnownFileType = sourcecode.swift; path = TabItems.swift; sourceTree = "<group>"; };
		63FD4DD72EC0BFC700104B95 /* ProfileView.swift */ = {isa = PBXFileReference; lastKnownFileType = sourcecode.swift; path = ProfileView.swift; sourceTree = "<group>"; };
		63FD4DD92EC0C33E00104B95 /* RootView.swift */ = {isa = PBXFileReference; lastKnownFileType = sourcecode.swift; path = RootView.swift; sourceTree = "<group>"; };
		63FD4DDB2EC0C3EA00104B95 /* ContentView.swift */ = {isa = PBXFileReference; lastKnownFileType = sourcecode.swift; path = ContentView.swift; sourceTree = "<group>"; };
		63FD4DDF2EC0D43B00104B95 /* AppIconComposer.icon */ = {isa = PBXFileReference; lastKnownFileType = folder.iconcomposer.icon; path = AppIconComposer.icon; sourceTree = "<group>"; };
		63FDC3132ED9C88B00D0AAB8 /* AuthorizationPayloadModel.swift */ = {isa = PBXFileReference; lastKnownFileType = sourcecode.swift; path = AuthorizationPayloadModel.swift; sourceTree = "<group>"; };
		63FDC3152ED9CB1100D0AAB8 /* UserEntityService.swift */ = {isa = PBXFileReference; lastKnownFileType = sourcecode.swift; path = UserEntityService.swift; sourceTree = "<group>"; };
/* End PBXFileReference section */

/* Begin PBXFrameworksBuildPhase section */
		636072422E96CF6D00E5DCC9 /* Frameworks */ = {
			isa = PBXFrameworksBuildPhase;
			buildActionMask = 2147483647;
			files = (
				63009A7A2EBFA6DB00FD5220 /* SwiftUIPager in Frameworks */,
			);
			runOnlyForDeploymentPostprocessing = 0;
		};
/* End PBXFrameworksBuildPhase section */

/* Begin PBXGroup section */
		52501E0B2EAA9EAC0054DB54 /* PlayerModule */ = {
			isa = PBXGroup;
			children = (
				63D6569B2EC649CA00B7EF10 /* View */,
				63D6569A2EC649C200B7EF10 /* ViewModel */,
			);
			path = PlayerModule;
			sourceTree = "<group>";
		};
		52501E142EB24A8B0054DB54 /* RecorderModule */ = {
			isa = PBXGroup;
			children = (
				63D6569D2EC649F500B7EF10 /* View */,
				63D656A02EC64E3C00B7EF10 /* ViewModel */,
			);
			path = RecorderModule;
			sourceTree = "<group>";
		};
		630069472ECA2DFD003FC115 /* Persistence */ = {
			isa = PBXGroup;
			children = (
				630069522ECA393B003FC115 /* EntityModel.swift */,
				630069482ECA2E19003FC115 /* PersistenceModel.xcdatamodeld */,
				63FDC3172ED9CBCE00D0AAB8 /* Services */,
			);
			path = Persistence;
			sourceTree = "<group>";
		};
		63009A702EBF9DA600FD5220 /* OpeningModule */ = {
			isa = PBXGroup;
			children = (
				63009A712EBF9DB500FD5220 /* SplashScreenView.swift */,
				63009A732EBFA3F400FD5220 /* Onboarding */,
			);
			path = OpeningModule;
			sourceTree = "<group>";
		};
		63009A732EBFA3F400FD5220 /* Onboarding */ = {
			isa = PBXGroup;
			children = (
				63009A742EBFA40F00FD5220 /* Model */,
				63009A772EBFA4D800FD5220 /* View */,
				63009A7D2EBFA73D00FD5220 /* ViewModel */,
			);
			path = Onboarding;
			sourceTree = "<group>";
		};
		63009A742EBFA40F00FD5220 /* Model */ = {
			isa = PBXGroup;
			children = (
				63009A752EBFA41700FD5220 /* OnboardingScreenModel.swift */,
			);
			path = Model;
			sourceTree = "<group>";
		};
		63009A772EBFA4D800FD5220 /* View */ = {
			isa = PBXGroup;
			children = (
				63009A7B2EBFA6E900FD5220 /* OnboardingScreenView.swift */,
				63009A832EBFED8400FD5220 /* Subviews */,
			);
			path = View;
			sourceTree = "<group>";
		};
		63009A7D2EBFA73D00FD5220 /* ViewModel */ = {
			isa = PBXGroup;
			children = (
				63009A7E2EBFA74800FD5220 /* OnboardingViewModel.swift */,
			);
			path = ViewModel;
			sourceTree = "<group>";
		};
		63009A802EBFDDFF00FD5220 /* Assets */ = {
			isa = PBXGroup;
			children = (
				63FD4DDF2EC0D43B00104B95 /* AppIconComposer.icon */,
				636072532E96D26E00E5DCC9 /* Assets.xcassets */,
			);
			path = Assets;
			sourceTree = "<group>";
		};
		63009A832EBFED8400FD5220 /* Subviews */ = {
			isa = PBXGroup;
			children = (
				63009A842EBFEDA100FD5220 /* OnboardingActionButtonsView.swift */,
				63009A862EBFF02600FD5220 /* OnboardingSkipButton.swift */,
			);
			path = Subviews;
			sourceTree = "<group>";
		};
		6300DD572EC3E5B300AF7DAC /* Services */ = {
			isa = PBXGroup;
			children = (
				6300DD582EC3E5F600AF7DAC /* LocationService.swift */,
				639E98F32EC682AF0026D76B /* AudioRecorderService.swift */,
				639E98EF2EC66E140026D76B /* DateService.swift */,
			);
			path = Services;
			sourceTree = "<group>";
		};
		632DFAC32ED770B8003D528B /* Network */ = {
			isa = PBXGroup;
			children = (
				632DFACA2ED77F4B003D528B /* Model */,
				632DFACB2ED77F51003D528B /* Services */,
			);
			path = Network;
			sourceTree = "<group>";
		};
		632DFACA2ED77F4B003D528B /* Model */ = {
			isa = PBXGroup;
			children = (
				63FDC3132ED9C88B00D0AAB8 /* AuthorizationPayloadModel.swift */,
				637575012EDFA174007B4FA2 /* AuthorizationResponseModel.swift */,
			);
			path = Model;
			sourceTree = "<group>";
		};
		632DFACB2ED77F51003D528B /* Services */ = {
			isa = PBXGroup;
			children = (
				632DFAC82ED7786C003D528B /* AuthAppService.swift */,
				6393F4872EDF9A4D0035561D /* AuthorizationService.swift */,
				632DFAC62ED777A8003D528B /* TokenService.swift */,
			);
			path = Services;
			sourceTree = "<group>";
		};
		6360723C2E96CF6D00E5DCC9 = {
			isa = PBXGroup;
			children = (
				636072562E96D26E00E5DCC9 /* SmartRecorder */,
				636072462E96CF6D00E5DCC9 /* Products */,
			);
			sourceTree = "<group>";
		};
		636072462E96CF6D00E5DCC9 /* Products */ = {
			isa = PBXGroup;
			children = (
				636072452E96CF6D00E5DCC9 /* SmartRecorder.app */,
			);
			name = Products;
			sourceTree = "<group>";
		};
		636072562E96D26E00E5DCC9 /* SmartRecorder */ = {
			isa = PBXGroup;
			children = (
				6360725A2E96D2BE00E5DCC9 /* Application */,
				63FD4DCB2EC0BEE300104B95 /* Router */,
				632DFAC32ED770B8003D528B /* Network */,
				630069472ECA2DFD003FC115 /* Persistence */,
				6300DD572EC3E5B300AF7DAC /* Services */,
				636754F52EC27E83004702F4 /* Modules */,
				6360725B2E96D2E500E5DCC9 /* SupportFiles */,
				63009A802EBFDDFF00FD5220 /* Assets */,
				6300DD5A2EC3E69200AF7DAC /* Info.plist */,
			);
			path = SmartRecorder;
			sourceTree = "<group>";
		};
		6360725A2E96D2BE00E5DCC9 /* Application */ = {
			isa = PBXGroup;
			children = (
				636072552E96D26E00E5DCC9 /* SmartRecorderApp.swift */,
			);
			path = Application;
			sourceTree = "<group>";
		};
		6360725B2E96D2E500E5DCC9 /* SupportFiles */ = {
			isa = PBXGroup;
			children = (
				52501E102EAAA3800054DB54 /* TextManager.swift */,
				52501E122EAAA4AE0054DB54 /* FontExtension.swift */,
				52501E0E2EAAA1B20054DB54 /* ImageExtension.swift */,
				52501E0C2EAA9F350054DB54 /* ColorExtension.swift */,
			);
			path = SupportFiles;
			sourceTree = "<group>";
		};
		636754E12EC27E71004702F4 /* Data */ = {
			isa = PBXGroup;
			children = (
				636754E02EC27E71004702F4 /* AudiosArray.swift */,
			);
			path = Data;
			sourceTree = "<group>";
		};
		636754E32EC27E71004702F4 /* Model */ = {
			isa = PBXGroup;
			children = (
				636754E22EC27E71004702F4 /* NoteModel.swift */,
				63D656982EC63CBE00B7EF10 /* NoteFolderModel.swift */,
			);
			path = Model;
			sourceTree = "<group>";
		};
		636754E92EC27E71004702F4 /* View */ = {
			isa = PBXGroup;
			children = (
				636754E42EC27E71004702F4 /* NotesListView.swift */,
				636754E82EC27E71004702F4 /* SingleAudioDescriptionView.swift */,
				636754FF2EC290F3004702F4 /* Subviews */,
			);
			path = View;
			sourceTree = "<group>";
		};
		636754EB2EC27E71004702F4 /* ViewModel */ = {
			isa = PBXGroup;
			children = (
				636754EA2EC27E71004702F4 /* NotesViewModel.swift */,
			);
			path = ViewModel;
			sourceTree = "<group>";
		};
		636754EC2EC27E71004702F4 /* NotesModule */ = {
			isa = PBXGroup;
			children = (
				636754E12EC27E71004702F4 /* Data */,
				636754E32EC27E71004702F4 /* Model */,
				636754E92EC27E71004702F4 /* View */,
				636754EB2EC27E71004702F4 /* ViewModel */,
			);
			path = NotesModule;
			sourceTree = "<group>";
		};
		636754F52EC27E83004702F4 /* Modules */ = {
			isa = PBXGroup;
			children = (
				63009A702EBF9DA600FD5220 /* OpeningModule */,
				52501E142EB24A8B0054DB54 /* RecorderModule */,
				636754EC2EC27E71004702F4 /* NotesModule */,
				52501E0B2EAA9EAC0054DB54 /* PlayerModule */,
				63D656972EC63A1E00B7EF10 /* ProfileModule */,
			);
			path = Modules;
			sourceTree = "<group>";
		};
		636754F62EC2821B004702F4 /* DestinationFactories */ = {
			isa = PBXGroup;
			children = (
				636754F72EC2822B004702F4 /* NotesTabDestinationFactory.swift */,
				636754FB2EC28817004702F4 /* RecorderTabDestinationFactory.swift */,
				636754FD2EC28825004702F4 /* ProfileTabDestinationFactory.swift */,
			);
			path = DestinationFactories;
			sourceTree = "<group>";
		};
		636754FF2EC290F3004702F4 /* Subviews */ = {
			isa = PBXGroup;
			children = (
				636754E62EC27E71004702F4 /* ChipsView.swift */,
				636754E72EC27E71004702F4 /* PickerView.swift */,
				636754E52EC27E71004702F4 /* NoteCardView.swift */,
			);
			path = Subviews;
			sourceTree = "<group>";
		};
		63D656972EC63A1E00B7EF10 /* ProfileModule */ = {
			isa = PBXGroup;
			children = (
				63FD4DD72EC0BFC700104B95 /* ProfileView.swift */,
			);
			path = ProfileModule;
			sourceTree = "<group>";
		};
		63D6569A2EC649C200B7EF10 /* ViewModel */ = {
			isa = PBXGroup;
			children = (
				52501E2C2EC606CA0054DB54 /* PlayerViewModel.swift */,
			);
			path = ViewModel;
			sourceTree = "<group>";
		};
		63D6569B2EC649CA00B7EF10 /* View */ = {
			isa = PBXGroup;
			children = (
				52501DFE2EA7E5ED0054DB54 /* PlayerScreenView.swift */,
				63D6569C2EC649E100B7EF10 /* Subviews */,
			);
			path = View;
			sourceTree = "<group>";
		};
		63D6569C2EC649E100B7EF10 /* Subviews */ = {
			isa = PBXGroup;
			children = (
				52501E002EA7EB450054DB54 /* NavigationBarView.swift */,
				52501E072EA906BA0054DB54 /* ProgressBarView.swift */,
				52501E092EA90CB10054DB54 /* AudioDescriptionView.swift */,
			);
			path = Subviews;
			sourceTree = "<group>";
		};
		63D6569D2EC649F500B7EF10 /* View */ = {
			isa = PBXGroup;
			children = (
				52501E152EB24AC40054DB54 /* RecorderView.swift */,
				63D6569F2EC64A0700B7EF10 /* Subviews */,
			);
			path = View;
			sourceTree = "<group>";
		};
		63D6569F2EC64A0700B7EF10 /* Subviews */ = {
			isa = PBXGroup;
			children = (
				63D656A52EC65AF100B7EF10 /* RecorderStartViews */,
				63D656A62EC65B0300B7EF10 /* RecorderStopView */,
				52501E1D2EB7876A0054DB54 /* SaveSheetView.swift */,
			);
			path = Subviews;
			sourceTree = "<group>";
		};
		63D656A02EC64E3C00B7EF10 /* ViewModel */ = {
			isa = PBXGroup;
			children = (
				63D656A12EC64E4200B7EF10 /* RecorderViewModel.swift */,
			);
			path = ViewModel;
			sourceTree = "<group>";
		};
		63D656A52EC65AF100B7EF10 /* RecorderStartViews */ = {
			isa = PBXGroup;
			children = (
				52501E192EB783090054DB54 /* RecorderStartView.swift */,
				63D656A32EC6531F00B7EF10 /* RecorderDetailsView.swift */,
			);
			path = RecorderStartViews;
			sourceTree = "<group>";
		};
		63D656A62EC65B0300B7EF10 /* RecorderStopView */ = {
			isa = PBXGroup;
			children = (
				52501E1B2EB783980054DB54 /* RecorderStopView.swift */,
			);
			path = RecorderStopView;
			sourceTree = "<group>";
		};
		63FD4DCB2EC0BEE300104B95 /* Router */ = {
			isa = PBXGroup;
			children = (
				63FD4DCC2EC0BEF900104B95 /* AppRouter.swift */,
				63FD4DCE2EC0BF7C00104B95 /* TabItems.swift */,
				63FD4DD92EC0C33E00104B95 /* RootView.swift */,
				63FD4DDB2EC0C3EA00104B95 /* ContentView.swift */,
				636754F92EC283A5004702F4 /* DestinationFactory.swift */,
				636754F62EC2821B004702F4 /* DestinationFactories */,
			);
			path = Router;
			sourceTree = "<group>";
		};
		63FDC3172ED9CBCE00D0AAB8 /* Services */ = {
			isa = PBXGroup;
			children = (
				6300694D2ECA3160003FC115 /* CoreDataService.swift */,
				6300694B2ECA2FE1003FC115 /* NoteEntityService.swift */,
				63FDC3152ED9CB1100D0AAB8 /* UserEntityService.swift */,
			);
			path = Services;
			sourceTree = "<group>";
		};
/* End PBXGroup section */

/* Begin PBXNativeTarget section */
		636072442E96CF6D00E5DCC9 /* SmartRecorder */ = {
			isa = PBXNativeTarget;
			buildConfigurationList = 636072502E96CF6F00E5DCC9 /* Build configuration list for PBXNativeTarget "SmartRecorder" */;
			buildPhases = (
				636072412E96CF6D00E5DCC9 /* Sources */,
				636072422E96CF6D00E5DCC9 /* Frameworks */,
				636072432E96CF6D00E5DCC9 /* Resources */,
			);
			buildRules = (
			);
			dependencies = (
			);
			name = SmartRecorder;
			packageProductDependencies = (
				63009A792EBFA6DB00FD5220 /* SwiftUIPager */,
			);
			productName = SmartRecorder;
			productReference = 636072452E96CF6D00E5DCC9 /* SmartRecorder.app */;
			productType = "com.apple.product-type.application";
		};
/* End PBXNativeTarget section */

/* Begin PBXProject section */
		6360723D2E96CF6D00E5DCC9 /* Project object */ = {
			isa = PBXProject;
			attributes = {
				BuildIndependentTargetsInParallel = 1;
				LastSwiftUpdateCheck = 2600;
				LastUpgradeCheck = 2610;
				TargetAttributes = {
					636072442E96CF6D00E5DCC9 = {
						CreatedOnToolsVersion = 26.0.1;
					};
				};
			};
			buildConfigurationList = 636072402E96CF6D00E5DCC9 /* Build configuration list for PBXProject "SmartRecorder" */;
			developmentRegion = en;
			hasScannedForEncodings = 0;
			knownRegions = (
				en,
				Base,
			);
			mainGroup = 6360723C2E96CF6D00E5DCC9;
			minimizedProjectReferenceProxies = 1;
			packageReferences = (
				63009A782EBFA6DB00FD5220 /* XCRemoteSwiftPackageReference "SwiftUIPager" */,
			);
			preferredProjectObjectVersion = 77;
			productRefGroup = 636072462E96CF6D00E5DCC9 /* Products */;
			projectDirPath = "";
			projectRoot = "";
			targets = (
				636072442E96CF6D00E5DCC9 /* SmartRecorder */,
			);
		};
/* End PBXProject section */

/* Begin PBXResourcesBuildPhase section */
		636072432E96CF6D00E5DCC9 /* Resources */ = {
			isa = PBXResourcesBuildPhase;
			buildActionMask = 2147483647;
			files = (
				636072572E96D26E00E5DCC9 /* Assets.xcassets in Resources */,
				63FD4DE02EC0D43B00104B95 /* AppIconComposer.icon in Resources */,
			);
			runOnlyForDeploymentPostprocessing = 0;
		};
/* End PBXResourcesBuildPhase section */

/* Begin PBXSourcesBuildPhase section */
		636072412E96CF6D00E5DCC9 /* Sources */ = {
			isa = PBXSourcesBuildPhase;
			buildActionMask = 2147483647;
			files = (
				63009A872EBFF02600FD5220 /* OnboardingSkipButton.swift in Sources */,
				632DFAC92ED7786C003D528B /* AuthAppService.swift in Sources */,
				63FD4DCF2EC0BF7D00104B95 /* TabItems.swift in Sources */,
				6393F4882EDF9A4D0035561D /* AuthorizationService.swift in Sources */,
				63FD4DDC2EC0C3ED00104B95 /* ContentView.swift in Sources */,
				63009A7C2EBFA6EE00FD5220 /* OnboardingScreenView.swift in Sources */,
				63FD4DCD2EC0BEFC00104B95 /* AppRouter.swift in Sources */,
				63FD4DDA2EC0C34000104B95 /* RootView.swift in Sources */,
				52501E132EAAA4B90054DB54 /* FontExtension.swift in Sources */,
				52501E162EB24AC40054DB54 /* RecorderView.swift in Sources */,
				52501E0F2EAAA1BA0054DB54 /* ImageExtension.swift in Sources */,
				63009A852EBFEDA100FD5220 /* OnboardingActionButtonsView.swift in Sources */,
				636754ED2EC27E71004702F4 /* AudiosArray.swift in Sources */,
				636754EE2EC27E71004702F4 /* NoteModel.swift in Sources */,
				63D656A22EC64E4500B7EF10 /* RecorderViewModel.swift in Sources */,
				636754EF2EC27E71004702F4 /* NotesListView.swift in Sources */,
				636754F02EC27E71004702F4 /* NoteCardView.swift in Sources */,
				636754FC2EC28821004702F4 /* RecorderTabDestinationFactory.swift in Sources */,
				636754F12EC27E71004702F4 /* ChipsView.swift in Sources */,
				63FDC3142ED9C89000D0AAB8 /* AuthorizationPayloadModel.swift in Sources */,
				636754F22EC27E71004702F4 /* PickerView.swift in Sources */,
				6300694C2ECA2FE9003FC115 /* NoteEntityService.swift in Sources */,
				636754F32EC27E71004702F4 /* SingleAudioDescriptionView.swift in Sources */,
				636754F42EC27E71004702F4 /* NotesViewModel.swift in Sources */,
				63D656992EC63CC200B7EF10 /* NoteFolderModel.swift in Sources */,
				63009A762EBFA41C00FD5220 /* OnboardingScreenModel.swift in Sources */,
				63009A7F2EBFA74B00FD5220 /* OnboardingViewModel.swift in Sources */,
				637575022EDFA17A007B4FA2 /* AuthorizationResponseModel.swift in Sources */,
				632DFAC72ED777A8003D528B /* TokenService.swift in Sources */,
				52501E082EA906BA0054DB54 /* ProgressBarView.swift in Sources */,
				636754FA2EC283AA004702F4 /* DestinationFactory.swift in Sources */,
				63009A722EBF9DBD00FD5220 /* SplashScreenView.swift in Sources */,
				52501E112EAAA3830054DB54 /* TextManager.swift in Sources */,
				639E98F42EC682AF0026D76B /* AudioRecorderService.swift in Sources */,
				52501E2D2EC606CA0054DB54 /* PlayerViewModel.swift in Sources */,
				636072592E96D26E00E5DCC9 /* SmartRecorderApp.swift in Sources */,
				636754FE2EC2882D004702F4 /* ProfileTabDestinationFactory.swift in Sources */,
				52501E1E2EB7876B0054DB54 /* SaveSheetView.swift in Sources */,
				52501E012EA7EB450054DB54 /* NavigationBarView.swift in Sources */,
				52501E0A2EA90CB10054DB54 /* AudioDescriptionView.swift in Sources */,
				639E98F02EC66E140026D76B /* DateService.swift in Sources */,
				6300DD592EC3E5F600AF7DAC /* LocationService.swift in Sources */,
				63FD4DD82EC0BFC700104B95 /* ProfileView.swift in Sources */,
				52501E1A2EB783090054DB54 /* RecorderStartView.swift in Sources */,
				63FDC3162ED9CB1100D0AAB8 /* UserEntityService.swift in Sources */,
				52501DFF2EA7E5ED0054DB54 /* PlayerScreenView.swift in Sources */,
				636754F82EC2823F004702F4 /* NotesTabDestinationFactory.swift in Sources */,
				63D656A42EC6531F00B7EF10 /* RecorderDetailsView.swift in Sources */,
				52501E0D2EAA9F3F0054DB54 /* ColorExtension.swift in Sources */,
				6300694A2ECA2E19003FC115 /* PersistenceModel.xcdatamodeld in Sources */,
				630069532ECA393E003FC115 /* EntityModel.swift in Sources */,
				6300694E2ECA3168003FC115 /* CoreDataService.swift in Sources */,
				52501E1C2EB783980054DB54 /* RecorderStopView.swift in Sources */,
			);
			runOnlyForDeploymentPostprocessing = 0;
		};
/* End PBXSourcesBuildPhase section */

/* Begin XCBuildConfiguration section */
		6360724E2E96CF6F00E5DCC9 /* Debug */ = {
			isa = XCBuildConfiguration;
			buildSettings = {
				ALWAYS_SEARCH_USER_PATHS = NO;
				ASSETCATALOG_COMPILER_GENERATE_SWIFT_ASSET_SYMBOL_EXTENSIONS = YES;
				CLANG_ANALYZER_NONNULL = YES;
				CLANG_ANALYZER_NUMBER_OBJECT_CONVERSION = YES_AGGRESSIVE;
				CLANG_CXX_LANGUAGE_STANDARD = "gnu++20";
				CLANG_ENABLE_MODULES = YES;
				CLANG_ENABLE_OBJC_ARC = YES;
				CLANG_ENABLE_OBJC_WEAK = YES;
				CLANG_WARN_BLOCK_CAPTURE_AUTORELEASING = YES;
				CLANG_WARN_BOOL_CONVERSION = YES;
				CLANG_WARN_COMMA = YES;
				CLANG_WARN_CONSTANT_CONVERSION = YES;
				CLANG_WARN_DEPRECATED_OBJC_IMPLEMENTATIONS = YES;
				CLANG_WARN_DIRECT_OBJC_ISA_USAGE = YES_ERROR;
				CLANG_WARN_DOCUMENTATION_COMMENTS = YES;
				CLANG_WARN_EMPTY_BODY = YES;
				CLANG_WARN_ENUM_CONVERSION = YES;
				CLANG_WARN_INFINITE_RECURSION = YES;
				CLANG_WARN_INT_CONVERSION = YES;
				CLANG_WARN_NON_LITERAL_NULL_CONVERSION = YES;
				CLANG_WARN_OBJC_IMPLICIT_RETAIN_SELF = YES;
				CLANG_WARN_OBJC_LITERAL_CONVERSION = YES;
				CLANG_WARN_OBJC_ROOT_CLASS = YES_ERROR;
				CLANG_WARN_QUOTED_INCLUDE_IN_FRAMEWORK_HEADER = YES;
				CLANG_WARN_RANGE_LOOP_ANALYSIS = YES;
				CLANG_WARN_STRICT_PROTOTYPES = YES;
				CLANG_WARN_SUSPICIOUS_MOVE = YES;
				CLANG_WARN_UNGUARDED_AVAILABILITY = YES_AGGRESSIVE;
				CLANG_WARN_UNREACHABLE_CODE = YES;
				CLANG_WARN__DUPLICATE_METHOD_MATCH = YES;
				COPY_PHASE_STRIP = NO;
				DEAD_CODE_STRIPPING = YES;
				DEBUG_INFORMATION_FORMAT = dwarf;
				DEVELOPMENT_TEAM = NAJAJ652LV;
				ENABLE_STRICT_OBJC_MSGSEND = YES;
				ENABLE_TESTABILITY = YES;
				ENABLE_USER_SCRIPT_SANDBOXING = YES;
				GCC_C_LANGUAGE_STANDARD = gnu17;
				GCC_DYNAMIC_NO_PIC = NO;
				GCC_NO_COMMON_BLOCKS = YES;
				GCC_OPTIMIZATION_LEVEL = 0;
				GCC_PREPROCESSOR_DEFINITIONS = (
					"DEBUG=1",
					"$(inherited)",
				);
				GCC_WARN_64_TO_32_BIT_CONVERSION = YES;
				GCC_WARN_ABOUT_RETURN_TYPE = YES_ERROR;
				GCC_WARN_UNDECLARED_SELECTOR = YES;
				GCC_WARN_UNINITIALIZED_AUTOS = YES_AGGRESSIVE;
				GCC_WARN_UNUSED_FUNCTION = YES;
				GCC_WARN_UNUSED_VARIABLE = YES;
				LOCALIZATION_PREFERS_STRING_CATALOGS = YES;
				MTL_ENABLE_DEBUG_INFO = INCLUDE_SOURCE;
				MTL_FAST_MATH = YES;
				ONLY_ACTIVE_ARCH = YES;
				STRING_CATALOG_GENERATE_SYMBOLS = YES;
				SWIFT_ACTIVE_COMPILATION_CONDITIONS = "DEBUG $(inherited)";
				SWIFT_OPTIMIZATION_LEVEL = "-Onone";
			};
			name = Debug;
		};
		6360724F2E96CF6F00E5DCC9 /* Release */ = {
			isa = XCBuildConfiguration;
			buildSettings = {
				ALWAYS_SEARCH_USER_PATHS = NO;
				ASSETCATALOG_COMPILER_GENERATE_SWIFT_ASSET_SYMBOL_EXTENSIONS = YES;
				CLANG_ANALYZER_NONNULL = YES;
				CLANG_ANALYZER_NUMBER_OBJECT_CONVERSION = YES_AGGRESSIVE;
				CLANG_CXX_LANGUAGE_STANDARD = "gnu++20";
				CLANG_ENABLE_MODULES = YES;
				CLANG_ENABLE_OBJC_ARC = YES;
				CLANG_ENABLE_OBJC_WEAK = YES;
				CLANG_WARN_BLOCK_CAPTURE_AUTORELEASING = YES;
				CLANG_WARN_BOOL_CONVERSION = YES;
				CLANG_WARN_COMMA = YES;
				CLANG_WARN_CONSTANT_CONVERSION = YES;
				CLANG_WARN_DEPRECATED_OBJC_IMPLEMENTATIONS = YES;
				CLANG_WARN_DIRECT_OBJC_ISA_USAGE = YES_ERROR;
				CLANG_WARN_DOCUMENTATION_COMMENTS = YES;
				CLANG_WARN_EMPTY_BODY = YES;
				CLANG_WARN_ENUM_CONVERSION = YES;
				CLANG_WARN_INFINITE_RECURSION = YES;
				CLANG_WARN_INT_CONVERSION = YES;
				CLANG_WARN_NON_LITERAL_NULL_CONVERSION = YES;
				CLANG_WARN_OBJC_IMPLICIT_RETAIN_SELF = YES;
				CLANG_WARN_OBJC_LITERAL_CONVERSION = YES;
				CLANG_WARN_OBJC_ROOT_CLASS = YES_ERROR;
				CLANG_WARN_QUOTED_INCLUDE_IN_FRAMEWORK_HEADER = YES;
				CLANG_WARN_RANGE_LOOP_ANALYSIS = YES;
				CLANG_WARN_STRICT_PROTOTYPES = YES;
				CLANG_WARN_SUSPICIOUS_MOVE = YES;
				CLANG_WARN_UNGUARDED_AVAILABILITY = YES_AGGRESSIVE;
				CLANG_WARN_UNREACHABLE_CODE = YES;
				CLANG_WARN__DUPLICATE_METHOD_MATCH = YES;
				COPY_PHASE_STRIP = NO;
				DEAD_CODE_STRIPPING = YES;
				DEBUG_INFORMATION_FORMAT = "dwarf-with-dsym";
				DEVELOPMENT_TEAM = NAJAJ652LV;
				ENABLE_NS_ASSERTIONS = NO;
				ENABLE_STRICT_OBJC_MSGSEND = YES;
				ENABLE_USER_SCRIPT_SANDBOXING = YES;
				GCC_C_LANGUAGE_STANDARD = gnu17;
				GCC_NO_COMMON_BLOCKS = YES;
				GCC_WARN_64_TO_32_BIT_CONVERSION = YES;
				GCC_WARN_ABOUT_RETURN_TYPE = YES_ERROR;
				GCC_WARN_UNDECLARED_SELECTOR = YES;
				GCC_WARN_UNINITIALIZED_AUTOS = YES_AGGRESSIVE;
				GCC_WARN_UNUSED_FUNCTION = YES;
				GCC_WARN_UNUSED_VARIABLE = YES;
				LOCALIZATION_PREFERS_STRING_CATALOGS = YES;
				MTL_ENABLE_DEBUG_INFO = NO;
				MTL_FAST_MATH = YES;
				STRING_CATALOG_GENERATE_SYMBOLS = YES;
				SWIFT_COMPILATION_MODE = wholemodule;
			};
			name = Release;
		};
		636072512E96CF6F00E5DCC9 /* Debug */ = {
			isa = XCBuildConfiguration;
			buildSettings = {
				ASSETCATALOG_COMPILER_APPICON_NAME = AppIconComposer;
				ASSETCATALOG_COMPILER_GLOBAL_ACCENT_COLOR_NAME = AccentColor;
				CODE_SIGN_STYLE = Automatic;
				CURRENT_PROJECT_VERSION = 1;
				DEAD_CODE_STRIPPING = YES;
				DEVELOPMENT_TEAM = NAJAJ652LV;
				ENABLE_APP_SANDBOX = YES;
				ENABLE_HARDENED_RUNTIME = YES;
				ENABLE_PREVIEWS = YES;
				ENABLE_USER_SELECTED_FILES = readonly;
				GENERATE_INFOPLIST_FILE = YES;
				INFOPLIST_FILE = SmartRecorder/Info.plist;
				INFOPLIST_KEY_CFBundleDisplayName = Transono;
				INFOPLIST_KEY_ITSAppUsesNonExemptEncryption = NO;
				INFOPLIST_KEY_LSApplicationCategoryType = "public.app-category.utilities";
				INFOPLIST_KEY_NSLocationWhenInUseUsageDescription = "Allows to save information where the note was written";
				INFOPLIST_KEY_NSMicrophoneUsageDescription = "Allows to record notes";
				"INFOPLIST_KEY_UIApplicationSceneManifest_Generation[sdk=iphoneos*]" = YES;
				"INFOPLIST_KEY_UIApplicationSceneManifest_Generation[sdk=iphonesimulator*]" = YES;
				"INFOPLIST_KEY_UIApplicationSupportsIndirectInputEvents[sdk=iphoneos*]" = YES;
				"INFOPLIST_KEY_UIApplicationSupportsIndirectInputEvents[sdk=iphonesimulator*]" = YES;
				"INFOPLIST_KEY_UILaunchScreen_Generation[sdk=iphoneos*]" = YES;
				"INFOPLIST_KEY_UILaunchScreen_Generation[sdk=iphonesimulator*]" = YES;
				"INFOPLIST_KEY_UIStatusBarStyle[sdk=iphoneos*]" = UIStatusBarStyleDefault;
				"INFOPLIST_KEY_UIStatusBarStyle[sdk=iphonesimulator*]" = UIStatusBarStyleDefault;
				INFOPLIST_KEY_UISupportedInterfaceOrientations = UIInterfaceOrientationPortrait;
				INFOPLIST_KEY_UISupportedInterfaceOrientations_iPad = "UIInterfaceOrientationLandscapeLeft UIInterfaceOrientationLandscapeRight UIInterfaceOrientationPortrait UIInterfaceOrientationPortraitUpsideDown";
				IPHONEOS_DEPLOYMENT_TARGET = 26.0;
				LD_RUNPATH_SEARCH_PATHS = "@executable_path/Frameworks";
				"LD_RUNPATH_SEARCH_PATHS[sdk=macosx*]" = "@executable_path/../Frameworks";
				MACOSX_DEPLOYMENT_TARGET = 26.0;
				MARKETING_VERSION = 0.0.2;
				PRODUCT_BUNDLE_IDENTIFIER = com.avoqode.transono;
				PRODUCT_NAME = "$(TARGET_NAME)";
				REGISTER_APP_GROUPS = YES;
				SDKROOT = auto;
				STRING_CATALOG_GENERATE_SYMBOLS = YES;
				SUPPORTED_PLATFORMS = "iphoneos iphonesimulator";
				SUPPORTS_MACCATALYST = NO;
				SWIFT_APPROACHABLE_CONCURRENCY = YES;
				SWIFT_DEFAULT_ACTOR_ISOLATION = MainActor;
				SWIFT_EMIT_LOC_STRINGS = YES;
				SWIFT_UPCOMING_FEATURE_MEMBER_IMPORT_VISIBILITY = YES;
				SWIFT_VERSION = 5.0;
				TARGETED_DEVICE_FAMILY = 1;
				XROS_DEPLOYMENT_TARGET = 26.0;
			};
			name = Debug;
		};
		636072522E96CF6F00E5DCC9 /* Release */ = {
			isa = XCBuildConfiguration;
			buildSettings = {
				ASSETCATALOG_COMPILER_APPICON_NAME = AppIconComposer;
				ASSETCATALOG_COMPILER_GLOBAL_ACCENT_COLOR_NAME = AccentColor;
				CODE_SIGN_STYLE = Automatic;
				CURRENT_PROJECT_VERSION = 1;
				DEAD_CODE_STRIPPING = YES;
				DEVELOPMENT_TEAM = NAJAJ652LV;
				ENABLE_APP_SANDBOX = YES;
				ENABLE_HARDENED_RUNTIME = YES;
				ENABLE_PREVIEWS = YES;
				ENABLE_USER_SELECTED_FILES = readonly;
				GENERATE_INFOPLIST_FILE = YES;
				INFOPLIST_FILE = SmartRecorder/Info.plist;
				INFOPLIST_KEY_CFBundleDisplayName = Transono;
				INFOPLIST_KEY_ITSAppUsesNonExemptEncryption = NO;
				INFOPLIST_KEY_LSApplicationCategoryType = "public.app-category.utilities";
				INFOPLIST_KEY_NSLocationWhenInUseUsageDescription = "Allows to save information where the note was written";
				INFOPLIST_KEY_NSMicrophoneUsageDescription = "Allows to record notes";
				"INFOPLIST_KEY_UIApplicationSceneManifest_Generation[sdk=iphoneos*]" = YES;
				"INFOPLIST_KEY_UIApplicationSceneManifest_Generation[sdk=iphonesimulator*]" = YES;
				"INFOPLIST_KEY_UIApplicationSupportsIndirectInputEvents[sdk=iphoneos*]" = YES;
				"INFOPLIST_KEY_UIApplicationSupportsIndirectInputEvents[sdk=iphonesimulator*]" = YES;
				"INFOPLIST_KEY_UILaunchScreen_Generation[sdk=iphoneos*]" = YES;
				"INFOPLIST_KEY_UILaunchScreen_Generation[sdk=iphonesimulator*]" = YES;
				"INFOPLIST_KEY_UIStatusBarStyle[sdk=iphoneos*]" = UIStatusBarStyleDefault;
				"INFOPLIST_KEY_UIStatusBarStyle[sdk=iphonesimulator*]" = UIStatusBarStyleDefault;
				INFOPLIST_KEY_UISupportedInterfaceOrientations = UIInterfaceOrientationPortrait;
				INFOPLIST_KEY_UISupportedInterfaceOrientations_iPad = "UIInterfaceOrientationLandscapeLeft UIInterfaceOrientationLandscapeRight UIInterfaceOrientationPortrait UIInterfaceOrientationPortraitUpsideDown";
				IPHONEOS_DEPLOYMENT_TARGET = 26.0;
				LD_RUNPATH_SEARCH_PATHS = "@executable_path/Frameworks";
				"LD_RUNPATH_SEARCH_PATHS[sdk=macosx*]" = "@executable_path/../Frameworks";
				MACOSX_DEPLOYMENT_TARGET = 26.0;
				MARKETING_VERSION = 0.0.2;
				PRODUCT_BUNDLE_IDENTIFIER = com.avoqode.transono;
				PRODUCT_NAME = "$(TARGET_NAME)";
				REGISTER_APP_GROUPS = YES;
				SDKROOT = auto;
				STRING_CATALOG_GENERATE_SYMBOLS = YES;
				SUPPORTED_PLATFORMS = "iphoneos iphonesimulator";
				SUPPORTS_MACCATALYST = NO;
				SWIFT_APPROACHABLE_CONCURRENCY = YES;
				SWIFT_DEFAULT_ACTOR_ISOLATION = MainActor;
				SWIFT_EMIT_LOC_STRINGS = YES;
				SWIFT_UPCOMING_FEATURE_MEMBER_IMPORT_VISIBILITY = YES;
				SWIFT_VERSION = 5.0;
				TARGETED_DEVICE_FAMILY = 1;
				XROS_DEPLOYMENT_TARGET = 26.0;
			};
			name = Release;
		};
/* End XCBuildConfiguration section */

/* Begin XCConfigurationList section */
		636072402E96CF6D00E5DCC9 /* Build configuration list for PBXProject "SmartRecorder" */ = {
			isa = XCConfigurationList;
			buildConfigurations = (
				6360724E2E96CF6F00E5DCC9 /* Debug */,
				6360724F2E96CF6F00E5DCC9 /* Release */,
			);
			defaultConfigurationIsVisible = 0;
			defaultConfigurationName = Release;
		};
		636072502E96CF6F00E5DCC9 /* Build configuration list for PBXNativeTarget "SmartRecorder" */ = {
			isa = XCConfigurationList;
			buildConfigurations = (
				636072512E96CF6F00E5DCC9 /* Debug */,
				636072522E96CF6F00E5DCC9 /* Release */,
			);
			defaultConfigurationIsVisible = 0;
			defaultConfigurationName = Release;
		};
/* End XCConfigurationList section */

/* Begin XCRemoteSwiftPackageReference section */
		63009A782EBFA6DB00FD5220 /* XCRemoteSwiftPackageReference "SwiftUIPager" */ = {
			isa = XCRemoteSwiftPackageReference;
			repositoryURL = "https://github.com/fermoya/SwiftUIPager.git";
			requirement = {
				kind = upToNextMajorVersion;
				minimumVersion = 2.5.0;
			};
		};
/* End XCRemoteSwiftPackageReference section */

/* Begin XCSwiftPackageProductDependency section */
		63009A792EBFA6DB00FD5220 /* SwiftUIPager */ = {
			isa = XCSwiftPackageProductDependency;
			package = 63009A782EBFA6DB00FD5220 /* XCRemoteSwiftPackageReference "SwiftUIPager" */;
			productName = SwiftUIPager;
		};
/* End XCSwiftPackageProductDependency section */

/* Begin XCVersionGroup section */
		630069482ECA2E19003FC115 /* PersistenceModel.xcdatamodeld */ = {
			isa = XCVersionGroup;
			children = (
				630069492ECA2E19003FC115 /* PersistenceModel.xcdatamodel */,
			);
			currentVersion = 630069492ECA2E19003FC115 /* PersistenceModel.xcdatamodel */;
			path = PersistenceModel.xcdatamodeld;
			sourceTree = "<group>";
			versionGroupType = wrapper.xcdatamodel;
		};
/* End XCVersionGroup section */
	};
	rootObject = 6360723D2E96CF6D00E5DCC9 /* Project object */;
}
