// !$*UTF8*$!
{
	archiveVersion = 1;
	classes = {
	};
	objectVersion = 77;
	objects = {

/* Begin PBXBuildFile section */
		52501DFF2EA7E5ED0054DB54 /* PlayerScreenView.swift in Sources */ = {isa = PBXBuildFile; fileRef = 52501DFE2EA7E5ED0054DB54 /* PlayerScreenView.swift */; };
		52501E012EA7EB450054DB54 /* NavigationBarView.swift in Sources */ = {isa = PBXBuildFile; fileRef = 52501E002EA7EB450054DB54 /* NavigationBarView.swift */; };
		52501E082EA906BA0054DB54 /* ProgressBarView.swift in Sources */ = {isa = PBXBuildFile; fileRef = 52501E072EA906BA0054DB54 /* ProgressBarView.swift */; };
		52501E0A2EA90CB10054DB54 /* AudioDescriptionView.swift in Sources */ = {isa = PBXBuildFile; fileRef = 52501E092EA90CB10054DB54 /* AudioDescriptionView.swift */; };
		52501E0D2EAA9F3F0054DB54 /* ColorExtension.swift in Sources */ = {isa = PBXBuildFile; fileRef = 52501E0C2EAA9F350054DB54 /* ColorExtension.swift */; };
		52501E0F2EAAA1BA0054DB54 /* ImageExtension.swift in Sources */ = {isa = PBXBuildFile; fileRef = 52501E0E2EAAA1B20054DB54 /* ImageExtension.swift */; };
		52501E112EAAA3830054DB54 /* TextManager.swift in Sources */ = {isa = PBXBuildFile; fileRef = 52501E102EAAA3800054DB54 /* TextManager.swift */; };
		52501E132EAAA4B90054DB54 /* FontExtension.swift in Sources */ = {isa = PBXBuildFile; fileRef = 52501E122EAAA4AE0054DB54 /* FontExtension.swift */; };
		52501E162EB24AC40054DB54 /* RecorderView.swift in Sources */ = {isa = PBXBuildFile; fileRef = 52501E152EB24AC40054DB54 /* RecorderView.swift */; };
		52501E1A2EB783090054DB54 /* StartRecView.swift in Sources */ = {isa = PBXBuildFile; fileRef = 52501E192EB783090054DB54 /* StartRecView.swift */; };
		52501E1C2EB783980054DB54 /* StopRecView.swift in Sources */ = {isa = PBXBuildFile; fileRef = 52501E1B2EB783980054DB54 /* StopRecView.swift */; };
		52501E1E2EB7876B0054DB54 /* SaveSheetView.swift in Sources */ = {isa = PBXBuildFile; fileRef = 52501E1D2EB7876A0054DB54 /* SaveSheetView.swift */; };
		636072572E96D26E00E5DCC9 /* Assets.xcassets in Resources */ = {isa = PBXBuildFile; fileRef = 636072532E96D26E00E5DCC9 /* Assets.xcassets */; };
		636072582E96D26E00E5DCC9 /* ContentView.swift in Sources */ = {isa = PBXBuildFile; fileRef = 636072542E96D26E00E5DCC9 /* ContentView.swift */; };
		636072592E96D26E00E5DCC9 /* SmartRecorderApp.swift in Sources */ = {isa = PBXBuildFile; fileRef = 636072552E96D26E00E5DCC9 /* SmartRecorderApp.swift */; };
/* End PBXBuildFile section */

/* Begin PBXFileReference section */
		52501DFE2EA7E5ED0054DB54 /* PlayerScreenView.swift */ = {isa = PBXFileReference; lastKnownFileType = sourcecode.swift; path = PlayerScreenView.swift; sourceTree = "<group>"; };
		52501E002EA7EB450054DB54 /* NavigationBarView.swift */ = {isa = PBXFileReference; lastKnownFileType = sourcecode.swift; path = NavigationBarView.swift; sourceTree = "<group>"; };
		52501E072EA906BA0054DB54 /* ProgressBarView.swift */ = {isa = PBXFileReference; lastKnownFileType = sourcecode.swift; path = ProgressBarView.swift; sourceTree = "<group>"; };
		52501E092EA90CB10054DB54 /* AudioDescriptionView.swift */ = {isa = PBXFileReference; lastKnownFileType = sourcecode.swift; path = AudioDescriptionView.swift; sourceTree = "<group>"; };
		52501E0C2EAA9F350054DB54 /* ColorExtension.swift */ = {isa = PBXFileReference; lastKnownFileType = sourcecode.swift; path = ColorExtension.swift; sourceTree = "<group>"; };
		52501E0E2EAAA1B20054DB54 /* ImageExtension.swift */ = {isa = PBXFileReference; lastKnownFileType = sourcecode.swift; path = ImageExtension.swift; sourceTree = "<group>"; };
		52501E102EAAA3800054DB54 /* TextManager.swift */ = {isa = PBXFileReference; lastKnownFileType = sourcecode.swift; path = TextManager.swift; sourceTree = "<group>"; };
		52501E122EAAA4AE0054DB54 /* FontExtension.swift */ = {isa = PBXFileReference; lastKnownFileType = sourcecode.swift; path = FontExtension.swift; sourceTree = "<group>"; };
		52501E152EB24AC40054DB54 /* RecorderView.swift */ = {isa = PBXFileReference; lastKnownFileType = sourcecode.swift; path = RecorderView.swift; sourceTree = "<group>"; };
		52501E192EB783090054DB54 /* StartRecView.swift */ = {isa = PBXFileReference; lastKnownFileType = sourcecode.swift; path = StartRecView.swift; sourceTree = "<group>"; };
		52501E1B2EB783980054DB54 /* StopRecView.swift */ = {isa = PBXFileReference; lastKnownFileType = sourcecode.swift; path = StopRecView.swift; sourceTree = "<group>"; };
		52501E1D2EB7876A0054DB54 /* SaveSheetView.swift */ = {isa = PBXFileReference; lastKnownFileType = sourcecode.swift; path = SaveSheetView.swift; sourceTree = "<group>"; };
		636072452E96CF6D00E5DCC9 /* SmartRecorder.app */ = {isa = PBXFileReference; explicitFileType = wrapper.application; includeInIndex = 0; path = SmartRecorder.app; sourceTree = BUILT_PRODUCTS_DIR; };
		636072532E96D26E00E5DCC9 /* Assets.xcassets */ = {isa = PBXFileReference; lastKnownFileType = folder.assetcatalog; path = Assets.xcassets; sourceTree = "<group>"; };
		636072542E96D26E00E5DCC9 /* ContentView.swift */ = {isa = PBXFileReference; lastKnownFileType = sourcecode.swift; path = ContentView.swift; sourceTree = "<group>"; };
		636072552E96D26E00E5DCC9 /* SmartRecorderApp.swift */ = {isa = PBXFileReference; lastKnownFileType = sourcecode.swift; path = SmartRecorderApp.swift; sourceTree = "<group>"; };
/* End PBXFileReference section */

/* Begin PBXFileSystemSynchronizedRootGroup section */
		52501E242EBC02B20054DB54 /* local */ = {
			isa = PBXFileSystemSynchronizedRootGroup;
			path = local;
			sourceTree = "<group>";
		};
/* End PBXFileSystemSynchronizedRootGroup section */

/* Begin PBXFrameworksBuildPhase section */
		636072422E96CF6D00E5DCC9 /* Frameworks */ = {
			isa = PBXFrameworksBuildPhase;
			buildActionMask = 2147483647;
			files = (
			);
			runOnlyForDeploymentPostprocessing = 0;
		};
/* End PBXFrameworksBuildPhase section */

/* Begin PBXGroup section */
		52501E0B2EAA9EAC0054DB54 /* PlayerModule */ = {
			isa = PBXGroup;
			children = (
				52501DFE2EA7E5ED0054DB54 /* PlayerScreenView.swift */,
				52501E002EA7EB450054DB54 /* NavigationBarView.swift */,
				52501E072EA906BA0054DB54 /* ProgressBarView.swift */,
				52501E092EA90CB10054DB54 /* AudioDescriptionView.swift */,
			);
			path = PlayerModule;
			sourceTree = "<group>";
		};
		52501E142EB24A8B0054DB54 /* RecorderModule */ = {
			isa = PBXGroup;
			children = (
				52501E152EB24AC40054DB54 /* RecorderView.swift */,
				52501E192EB783090054DB54 /* StartRecView.swift */,
				52501E1B2EB783980054DB54 /* StopRecView.swift */,
				52501E1D2EB7876A0054DB54 /* SaveSheetView.swift */,
			);
			path = RecorderModule;
			sourceTree = "<group>";
		};
		6360723C2E96CF6D00E5DCC9 = {
			isa = PBXGroup;
			children = (
				636072562E96D26E00E5DCC9 /* SmartRecorder */,
				636072462E96CF6D00E5DCC9 /* Products */,
			);
			sourceTree = "<group>";
		};
		636072462E96CF6D00E5DCC9 /* Products */ = {
			isa = PBXGroup;
			children = (
				636072452E96CF6D00E5DCC9 /* SmartRecorder.app */,
			);
			name = Products;
			sourceTree = "<group>";
		};
		636072562E96D26E00E5DCC9 /* SmartRecorder */ = {
			isa = PBXGroup;
			children = (
				6360725A2E96D2BE00E5DCC9 /* Application */,
				52501E142EB24A8B0054DB54 /* RecorderModule */,
				52501E0B2EAA9EAC0054DB54 /* PlayerModule */,
				6360725B2E96D2E500E5DCC9 /* SupportFiles */,
				636072542E96D26E00E5DCC9 /* ContentView.swift */,
				52501E242EBC02B20054DB54 /* local */,
			);
			path = SmartRecorder;
			sourceTree = "<group>";
		};
		6360725A2E96D2BE00E5DCC9 /* Application */ = {
			isa = PBXGroup;
			children = (
				636072552E96D26E00E5DCC9 /* SmartRecorderApp.swift */,
			);
			path = Application;
			sourceTree = "<group>";
		};
		6360725B2E96D2E500E5DCC9 /* SupportFiles */ = {
			isa = PBXGroup;
			children = (
				52501E102EAAA3800054DB54 /* TextManager.swift */,
				52501E122EAAA4AE0054DB54 /* FontExtension.swift */,
				52501E0E2EAAA1B20054DB54 /* ImageExtension.swift */,
				52501E0C2EAA9F350054DB54 /* ColorExtension.swift */,
				636072532E96D26E00E5DCC9 /* Assets.xcassets */,
			);
			path = SupportFiles;
			sourceTree = "<group>";
		};
/* End PBXGroup section */

/* Begin PBXNativeTarget section */
		636072442E96CF6D00E5DCC9 /* SmartRecorder */ = {
			isa = PBXNativeTarget;
			buildConfigurationList = 636072502E96CF6F00E5DCC9 /* Build configuration list for PBXNativeTarget "SmartRecorder" */;
			buildPhases = (
				636072412E96CF6D00E5DCC9 /* Sources */,
				636072422E96CF6D00E5DCC9 /* Frameworks */,
				636072432E96CF6D00E5DCC9 /* Resources */,
			);
			buildRules = (
			);
			dependencies = (
			);
			fileSystemSynchronizedGroups = (
				52501E242EBC02B20054DB54 /* local */,
			);
			name = SmartRecorder;
			packageProductDependencies = (
			);
			productName = SmartRecorder;
			productReference = 636072452E96CF6D00E5DCC9 /* SmartRecorder.app */;
			productType = "com.apple.product-type.application";
		};
/* End PBXNativeTarget section */

/* Begin PBXProject section */
		6360723D2E96CF6D00E5DCC9 /* Project object */ = {
			isa = PBXProject;
			attributes = {
				BuildIndependentTargetsInParallel = 1;
				LastSwiftUpdateCheck = 2600;
				LastUpgradeCheck = 2600;
				TargetAttributes = {
					636072442E96CF6D00E5DCC9 = {
						CreatedOnToolsVersion = 26.0.1;
					};
				};
			};
			buildConfigurationList = 636072402E96CF6D00E5DCC9 /* Build configuration list for PBXProject "SmartRecorder" */;
			developmentRegion = en;
			hasScannedForEncodings = 0;
			knownRegions = (
				en,
				Base,
			);
			mainGroup = 6360723C2E96CF6D00E5DCC9;
			minimizedProjectReferenceProxies = 1;
			preferredProjectObjectVersion = 77;
			productRefGroup = 636072462E96CF6D00E5DCC9 /* Products */;
			projectDirPath = "";
			projectRoot = "";
			targets = (
				636072442E96CF6D00E5DCC9 /* SmartRecorder */,
			);
		};
/* End PBXProject section */

/* Begin PBXResourcesBuildPhase section */
		636072432E96CF6D00E5DCC9 /* Resources */ = {
			isa = PBXResourcesBuildPhase;
			buildActionMask = 2147483647;
			files = (
				636072572E96D26E00E5DCC9 /* Assets.xcassets in Resources */,
			);
			runOnlyForDeploymentPostprocessing = 0;
		};
/* End PBXResourcesBuildPhase section */

/* Begin PBXSourcesBuildPhase section */
		636072412E96CF6D00E5DCC9 /* Sources */ = {
			isa = PBXSourcesBuildPhase;
			buildActionMask = 2147483647;
			files = (
				52501E132EAAA4B90054DB54 /* FontExtension.swift in Sources */,
				52501E162EB24AC40054DB54 /* RecorderView.swift in Sources */,
				52501E0F2EAAA1BA0054DB54 /* ImageExtension.swift in Sources */,
				636072582E96D26E00E5DCC9 /* ContentView.swift in Sources */,
				52501E082EA906BA0054DB54 /* ProgressBarView.swift in Sources */,
				52501E112EAAA3830054DB54 /* TextManager.swift in Sources */,
				636072592E96D26E00E5DCC9 /* SmartRecorderApp.swift in Sources */,
				52501E1E2EB7876B0054DB54 /* SaveSheetView.swift in Sources */,
				52501E012EA7EB450054DB54 /* NavigationBarView.swift in Sources */,
				52501E0A2EA90CB10054DB54 /* AudioDescriptionView.swift in Sources */,
				52501E1A2EB783090054DB54 /* StartRecView.swift in Sources */,
				52501DFF2EA7E5ED0054DB54 /* PlayerScreenView.swift in Sources */,
				52501E0D2EAA9F3F0054DB54 /* ColorExtension.swift in Sources */,
				52501E1C2EB783980054DB54 /* StopRecView.swift in Sources */,
			);
			runOnlyForDeploymentPostprocessing = 0;
		};
/* End PBXSourcesBuildPhase section */

/* Begin XCBuildConfiguration section */
		6360724E2E96CF6F00E5DCC9 /* Debug */ = {
			isa = XCBuildConfiguration;
			buildSettings = {
				ALWAYS_SEARCH_USER_PATHS = NO;
				ASSETCATALOG_COMPILER_GENERATE_SWIFT_ASSET_SYMBOL_EXTENSIONS = YES;
				CLANG_ANALYZER_NONNULL = YES;
				CLANG_ANALYZER_NUMBER_OBJECT_CONVERSION = YES_AGGRESSIVE;
				CLANG_CXX_LANGUAGE_STANDARD = "gnu++20";
				CLANG_ENABLE_MODULES = YES;
				CLANG_ENABLE_OBJC_ARC = YES;
				CLANG_ENABLE_OBJC_WEAK = YES;
				CLANG_WARN_BLOCK_CAPTURE_AUTORELEASING = YES;
				CLANG_WARN_BOOL_CONVERSION = YES;
				CLANG_WARN_COMMA = YES;
				CLANG_WARN_CONSTANT_CONVERSION = YES;
				CLANG_WARN_DEPRECATED_OBJC_IMPLEMENTATIONS = YES;
				CLANG_WARN_DIRECT_OBJC_ISA_USAGE = YES_ERROR;
				CLANG_WARN_DOCUMENTATION_COMMENTS = YES;
				CLANG_WARN_EMPTY_BODY = YES;
				CLANG_WARN_ENUM_CONVERSION = YES;
				CLANG_WARN_INFINITE_RECURSION = YES;
				CLANG_WARN_INT_CONVERSION = YES;
				CLANG_WARN_NON_LITERAL_NULL_CONVERSION = YES;
				CLANG_WARN_OBJC_IMPLICIT_RETAIN_SELF = YES;
				CLANG_WARN_OBJC_LITERAL_CONVERSION = YES;
				CLANG_WARN_OBJC_ROOT_CLASS = YES_ERROR;
				CLANG_WARN_QUOTED_INCLUDE_IN_FRAMEWORK_HEADER = YES;
				CLANG_WARN_RANGE_LOOP_ANALYSIS = YES;
				CLANG_WARN_STRICT_PROTOTYPES = YES;
				CLANG_WARN_SUSPICIOUS_MOVE = YES;
				CLANG_WARN_UNGUARDED_AVAILABILITY = YES_AGGRESSIVE;
				CLANG_WARN_UNREACHABLE_CODE = YES;
				CLANG_WARN__DUPLICATE_METHOD_MATCH = YES;
				COPY_PHASE_STRIP = NO;
				DEBUG_INFORMATION_FORMAT = dwarf;
				DEVELOPMENT_TEAM = NAJAJ652LV;
				ENABLE_STRICT_OBJC_MSGSEND = YES;
				ENABLE_TESTABILITY = YES;
				ENABLE_USER_SCRIPT_SANDBOXING = YES;
				GCC_C_LANGUAGE_STANDARD = gnu17;
				GCC_DYNAMIC_NO_PIC = NO;
				GCC_NO_COMMON_BLOCKS = YES;
				GCC_OPTIMIZATION_LEVEL = 0;
				GCC_PREPROCESSOR_DEFINITIONS = (
					"DEBUG=1",
					"$(inherited)",
				);
				GCC_WARN_64_TO_32_BIT_CONVERSION = YES;
				GCC_WARN_ABOUT_RETURN_TYPE = YES_ERROR;
				GCC_WARN_UNDECLARED_SELECTOR = YES;
				GCC_WARN_UNINITIALIZED_AUTOS = YES_AGGRESSIVE;
				GCC_WARN_UNUSED_FUNCTION = YES;
				GCC_WARN_UNUSED_VARIABLE = YES;
				LOCALIZATION_PREFERS_STRING_CATALOGS = YES;
				MTL_ENABLE_DEBUG_INFO = INCLUDE_SOURCE;
				MTL_FAST_MATH = YES;
				ONLY_ACTIVE_ARCH = YES;
				SWIFT_ACTIVE_COMPILATION_CONDITIONS = "DEBUG $(inherited)";
				SWIFT_OPTIMIZATION_LEVEL = "-Onone";
			};
			name = Debug;
		};
		6360724F2E96CF6F00E5DCC9 /* Release */ = {
			isa = XCBuildConfiguration;
			buildSettings = {
				ALWAYS_SEARCH_USER_PATHS = NO;
				ASSETCATALOG_COMPILER_GENERATE_SWIFT_ASSET_SYMBOL_EXTENSIONS = YES;
				CLANG_ANALYZER_NONNULL = YES;
				CLANG_ANALYZER_NUMBER_OBJECT_CONVERSION = YES_AGGRESSIVE;
				CLANG_CXX_LANGUAGE_STANDARD = "gnu++20";
				CLANG_ENABLE_MODULES = YES;
				CLANG_ENABLE_OBJC_ARC = YES;
				CLANG_ENABLE_OBJC_WEAK = YES;
				CLANG_WARN_BLOCK_CAPTURE_AUTORELEASING = YES;
				CLANG_WARN_BOOL_CONVERSION = YES;
				CLANG_WARN_COMMA = YES;
				CLANG_WARN_CONSTANT_CONVERSION = YES;
				CLANG_WARN_DEPRECATED_OBJC_IMPLEMENTATIONS = YES;
				CLANG_WARN_DIRECT_OBJC_ISA_USAGE = YES_ERROR;
				CLANG_WARN_DOCUMENTATION_COMMENTS = YES;
				CLANG_WARN_EMPTY_BODY = YES;
				CLANG_WARN_ENUM_CONVERSION = YES;
				CLANG_WARN_INFINITE_RECURSION = YES;
				CLANG_WARN_INT_CONVERSION = YES;
				CLANG_WARN_NON_LITERAL_NULL_CONVERSION = YES;
				CLANG_WARN_OBJC_IMPLICIT_RETAIN_SELF = YES;
				CLANG_WARN_OBJC_LITERAL_CONVERSION = YES;
				CLANG_WARN_OBJC_ROOT_CLASS = YES_ERROR;
				CLANG_WARN_QUOTED_INCLUDE_IN_FRAMEWORK_HEADER = YES;
				CLANG_WARN_RANGE_LOOP_ANALYSIS = YES;
				CLANG_WARN_STRICT_PROTOTYPES = YES;
				CLANG_WARN_SUSPICIOUS_MOVE = YES;
				CLANG_WARN_UNGUARDED_AVAILABILITY = YES_AGGRESSIVE;
				CLANG_WARN_UNREACHABLE_CODE = YES;
				CLANG_WARN__DUPLICATE_METHOD_MATCH = YES;
				COPY_PHASE_STRIP = NO;
				DEBUG_INFORMATION_FORMAT = "dwarf-with-dsym";
				DEVELOPMENT_TEAM = NAJAJ652LV;
				ENABLE_NS_ASSERTIONS = NO;
				ENABLE_STRICT_OBJC_MSGSEND = YES;
				ENABLE_USER_SCRIPT_SANDBOXING = YES;
				GCC_C_LANGUAGE_STANDARD = gnu17;
				GCC_NO_COMMON_BLOCKS = YES;
				GCC_WARN_64_TO_32_BIT_CONVERSION = YES;
				GCC_WARN_ABOUT_RETURN_TYPE = YES_ERROR;
				GCC_WARN_UNDECLARED_SELECTOR = YES;
				GCC_WARN_UNINITIALIZED_AUTOS = YES_AGGRESSIVE;
				GCC_WARN_UNUSED_FUNCTION = YES;
				GCC_WARN_UNUSED_VARIABLE = YES;
				LOCALIZATION_PREFERS_STRING_CATALOGS = YES;
				MTL_ENABLE_DEBUG_INFO = NO;
				MTL_FAST_MATH = YES;
				SWIFT_COMPILATION_MODE = wholemodule;
			};
			name = Release;
		};
		636072512E96CF6F00E5DCC9 /* Debug */ = {
			isa = XCBuildConfiguration;
			buildSettings = {
				ASSETCATALOG_COMPILER_APPICON_NAME = AppIcon;
				ASSETCATALOG_COMPILER_GLOBAL_ACCENT_COLOR_NAME = AccentColor;
				CODE_SIGN_STYLE = Automatic;
				CURRENT_PROJECT_VERSION = 1;
				DEVELOPMENT_TEAM = NAJAJ652LV;
				ENABLE_APP_SANDBOX = YES;
				ENABLE_HARDENED_RUNTIME = YES;
				ENABLE_PREVIEWS = YES;
				ENABLE_USER_SELECTED_FILES = readonly;
				GENERATE_INFOPLIST_FILE = YES;
				INFOPLIST_KEY_CFBundleDisplayName = Recorder;
				INFOPLIST_KEY_LSApplicationCategoryType = "public.app-category.utilities";
				"INFOPLIST_KEY_UIApplicationSceneManifest_Generation[sdk=iphoneos*]" = YES;
				"INFOPLIST_KEY_UIApplicationSceneManifest_Generation[sdk=iphonesimulator*]" = YES;
				"INFOPLIST_KEY_UIApplicationSupportsIndirectInputEvents[sdk=iphoneos*]" = YES;
				"INFOPLIST_KEY_UIApplicationSupportsIndirectInputEvents[sdk=iphonesimulator*]" = YES;
				"INFOPLIST_KEY_UILaunchScreen_Generation[sdk=iphoneos*]" = YES;
				"INFOPLIST_KEY_UILaunchScreen_Generation[sdk=iphonesimulator*]" = YES;
				"INFOPLIST_KEY_UIStatusBarStyle[sdk=iphoneos*]" = UIStatusBarStyleDefault;
				"INFOPLIST_KEY_UIStatusBarStyle[sdk=iphonesimulator*]" = UIStatusBarStyleDefault;
				INFOPLIST_KEY_UISupportedInterfaceOrientations = UIInterfaceOrientationPortrait;
				INFOPLIST_KEY_UISupportedInterfaceOrientations_iPad = "UIInterfaceOrientationLandscapeLeft UIInterfaceOrientationLandscapeRight UIInterfaceOrientationPortrait UIInterfaceOrientationPortraitUpsideDown";
				IPHONEOS_DEPLOYMENT_TARGET = 26.0;
				LD_RUNPATH_SEARCH_PATHS = "@executable_path/Frameworks";
				"LD_RUNPATH_SEARCH_PATHS[sdk=macosx*]" = "@executable_path/../Frameworks";
				MACOSX_DEPLOYMENT_TARGET = 26.0;
				MARKETING_VERSION = 0.0.1;
				PRODUCT_BUNDLE_IDENTIFIER = com.avoqode.SmartRecorder;
				PRODUCT_NAME = "$(TARGET_NAME)";
				REGISTER_APP_GROUPS = YES;
				SDKROOT = auto;
				STRING_CATALOG_GENERATE_SYMBOLS = YES;
				SUPPORTED_PLATFORMS = "iphoneos iphonesimulator";
				SUPPORTS_MACCATALYST = NO;
				SWIFT_APPROACHABLE_CONCURRENCY = YES;
				SWIFT_DEFAULT_ACTOR_ISOLATION = MainActor;
				SWIFT_EMIT_LOC_STRINGS = YES;
				SWIFT_UPCOMING_FEATURE_MEMBER_IMPORT_VISIBILITY = YES;
				SWIFT_VERSION = 5.0;
				TARGETED_DEVICE_FAMILY = 1;
				XROS_DEPLOYMENT_TARGET = 26.0;
			};
			name = Debug;
		};
		636072522E96CF6F00E5DCC9 /* Release */ = {
			isa = XCBuildConfiguration;
			buildSettings = {
				ASSETCATALOG_COMPILER_APPICON_NAME = AppIcon;
				ASSETCATALOG_COMPILER_GLOBAL_ACCENT_COLOR_NAME = AccentColor;
				CODE_SIGN_STYLE = Automatic;
				CURRENT_PROJECT_VERSION = 1;
				DEVELOPMENT_TEAM = NAJAJ652LV;
				ENABLE_APP_SANDBOX = YES;
				ENABLE_HARDENED_RUNTIME = YES;
				ENABLE_PREVIEWS = YES;
				ENABLE_USER_SELECTED_FILES = readonly;
				GENERATE_INFOPLIST_FILE = YES;
				INFOPLIST_KEY_CFBundleDisplayName = Recorder;
				INFOPLIST_KEY_LSApplicationCategoryType = "public.app-category.utilities";
				"INFOPLIST_KEY_UIApplicationSceneManifest_Generation[sdk=iphoneos*]" = YES;
				"INFOPLIST_KEY_UIApplicationSceneManifest_Generation[sdk=iphonesimulator*]" = YES;
				"INFOPLIST_KEY_UIApplicationSupportsIndirectInputEvents[sdk=iphoneos*]" = YES;
				"INFOPLIST_KEY_UIApplicationSupportsIndirectInputEvents[sdk=iphonesimulator*]" = YES;
				"INFOPLIST_KEY_UILaunchScreen_Generation[sdk=iphoneos*]" = YES;
				"INFOPLIST_KEY_UILaunchScreen_Generation[sdk=iphonesimulator*]" = YES;
				"INFOPLIST_KEY_UIStatusBarStyle[sdk=iphoneos*]" = UIStatusBarStyleDefault;
				"INFOPLIST_KEY_UIStatusBarStyle[sdk=iphonesimulator*]" = UIStatusBarStyleDefault;
				INFOPLIST_KEY_UISupportedInterfaceOrientations = UIInterfaceOrientationPortrait;
				INFOPLIST_KEY_UISupportedInterfaceOrientations_iPad = "UIInterfaceOrientationLandscapeLeft UIInterfaceOrientationLandscapeRight UIInterfaceOrientationPortrait UIInterfaceOrientationPortraitUpsideDown";
				IPHONEOS_DEPLOYMENT_TARGET = 26.0;
				LD_RUNPATH_SEARCH_PATHS = "@executable_path/Frameworks";
				"LD_RUNPATH_SEARCH_PATHS[sdk=macosx*]" = "@executable_path/../Frameworks";
				MACOSX_DEPLOYMENT_TARGET = 26.0;
				MARKETING_VERSION = 0.0.1;
				PRODUCT_BUNDLE_IDENTIFIER = com.avoqode.SmartRecorder;
				PRODUCT_NAME = "$(TARGET_NAME)";
				REGISTER_APP_GROUPS = YES;
				SDKROOT = auto;
				STRING_CATALOG_GENERATE_SYMBOLS = YES;
				SUPPORTED_PLATFORMS = "iphoneos iphonesimulator";
				SUPPORTS_MACCATALYST = NO;
				SWIFT_APPROACHABLE_CONCURRENCY = YES;
				SWIFT_DEFAULT_ACTOR_ISOLATION = MainActor;
				SWIFT_EMIT_LOC_STRINGS = YES;
				SWIFT_UPCOMING_FEATURE_MEMBER_IMPORT_VISIBILITY = YES;
				SWIFT_VERSION = 5.0;
				TARGETED_DEVICE_FAMILY = 1;
				XROS_DEPLOYMENT_TARGET = 26.0;
			};
			name = Release;
		};
/* End XCBuildConfiguration section */

/* Begin XCConfigurationList section */
		636072402E96CF6D00E5DCC9 /* Build configuration list for PBXProject "SmartRecorder" */ = {
			isa = XCConfigurationList;
			buildConfigurations = (
				6360724E2E96CF6F00E5DCC9 /* Debug */,
				6360724F2E96CF6F00E5DCC9 /* Release */,
			);
			defaultConfigurationIsVisible = 0;
			defaultConfigurationName = Release;
		};
		636072502E96CF6F00E5DCC9 /* Build configuration list for PBXNativeTarget "SmartRecorder" */ = {
			isa = XCConfigurationList;
			buildConfigurations = (
				636072512E96CF6F00E5DCC9 /* Debug */,
				636072522E96CF6F00E5DCC9 /* Release */,
			);
			defaultConfigurationIsVisible = 0;
			defaultConfigurationName = Release;
		};
/* End XCConfigurationList section */
	};
	rootObject = 6360723D2E96CF6D00E5DCC9 /* Project object */;
}
