{
  "originHash" : "bf21759cfafa3b29381f773972830a40acc4f1b204030ab522d263642e689208",
  "pins" : [
    {
      "identity" : "alamofire",
      "kind" : "remoteSourceControl",
      "location" : "https://github.com/Alamofire/Alamofire.git",
      "state" : {
        "revision" : "513364f870f6bfc468f9d2ff0a95caccc10044c5",
        "version" : "5.10.2"
      }
    },
    {
      "identity" : "swiftuipager",
      "kind" : "remoteSourceControl",
      "location" : "https://github.com/fermoya/SwiftUIPager.git",
      "state" : {
        "revision" : "4ddc04c801aac143090bb14cf26603a3bf9c74cb",
        "version" : "2.5.0"
      }
    }
  ],
  "version" : 3
}
